
Microsoft Visual Studio Solution File, Format Version 12.00
# Visual Studio Version 16
VisualStudioVersion = 16.0.31205.134
MinimumVisualStudioVersion = 10.0.40219.1
Project("{FAE04EC0-301F-11D3-BF4B-00C04F79EFBC}") = "TestPwa", "TestPwa\TestPwa.csproj", "{E08BB509-A29E-4965-ACE2-1400200DE16A}"
EndProject
Global
	GlobalSection(SolutionConfigurationPlatforms) = preSolution
		Debug|Any CPU = Debug|Any CPU
		Release|Any CPU = Release|Any CPU
	EndGlobalSection
	GlobalSection(ProjectConfigurationPlatforms) = postSolution
		{E08BB509-A29E-4965-ACE2-1400200DE16A}.Debug|Any CPU.ActiveCfg = Debug|Any CPU
		{E08BB509-A29E-4965-ACE2-1400200DE16A}.Debug|Any CPU.Build.0 = Debug|Any CPU
		{E08BB509-A29E-4965-ACE2-1400200DE16A}.Release|Any CPU.ActiveCfg = Release|Any CPU
		{E08BB509-A29E-4965-ACE2-1400200DE16A}.Release|Any CPU.Build.0 = Release|Any CPU
	EndGlobalSection
	GlobalSection(SolutionProperties) = preSolution
		HideSolutionNode = FALSE
	EndGlobalSection
	GlobalSection(ExtensibilityGlobals) = postSolution
		SolutionGuid = {7081ACB1-C42B-4A7A-861B-7A6CB647A2F8}
	EndGlobalSection
EndGlobal
